
Microsoft Visual Studio Solution File, Format Version 12.00
# Visual Studio Version 17
VisualStudioVersion = 17.9.34723.18
MinimumVisualStudioVersion = 10.0.40219.1
Project("{FAE04EC0-301F-11D3-BF4B-00C04F79EFBC}") = "Klient1", "Klient1\Klient1.csproj", "{49D9C467-894C-41B9-B903-CFC6CA511BC6}"
EndProject
Global
	GlobalSection(SolutionConfigurationPlatforms) = preSolution
		Debug|Any CPU = Debug|Any CPU
		Release|Any CPU = Release|Any CPU
	EndGlobalSection
	GlobalSection(ProjectConfigurationPlatforms) = postSolution
		{49D9C467-894C-41B9-B903-CFC6CA511BC6}.Debug|Any CPU.ActiveCfg = Debug|Any CPU
		{49D9C467-894C-41B9-B903-CFC6CA511BC6}.Debug|Any CPU.Build.0 = Debug|Any CPU
		{49D9C467-894C-41B9-B903-CFC6CA511BC6}.Release|Any CPU.ActiveCfg = Release|Any CPU
		{49D9C467-894C-41B9-B903-CFC6CA511BC6}.Release|Any CPU.Build.0 = Release|Any CPU
	EndGlobalSection
	GlobalSection(SolutionProperties) = preSolution
		HideSolutionNode = FALSE
	EndGlobalSection
	GlobalSection(ExtensibilityGlobals) = postSolution
		SolutionGuid = {FBCE732F-2709-49E6-A81F-187D53965BF1}
	EndGlobalSection
EndGlobal
