
Microsoft Visual Studio Solution File, Format Version 12.00
# Visual Studio Version 17
VisualStudioVersion = 17.9.34728.123
MinimumVisualStudioVersion = 10.0.40219.1
Project("{FAE04EC0-301F-11D3-BF4B-00C04F79EFBC}") = "Klient", "ConsoleApp1\Klient.csproj", "{D8E40262-3324-4F6F-938F-2B00C7D05579}"
EndProject
Global
	GlobalSection(SolutionConfigurationPlatforms) = preSolution
		Debug|Any CPU = Debug|Any CPU
		Release|Any CPU = Release|Any CPU
	EndGlobalSection
	GlobalSection(ProjectConfigurationPlatforms) = postSolution
		{D8E40262-3324-4F6F-938F-2B00C7D05579}.Debug|Any CPU.ActiveCfg = Debug|Any CPU
		{D8E40262-3324-4F6F-938F-2B00C7D05579}.Debug|Any CPU.Build.0 = Debug|Any CPU
		{D8E40262-3324-4F6F-938F-2B00C7D05579}.Release|Any CPU.ActiveCfg = Release|Any CPU
		{D8E40262-3324-4F6F-938F-2B00C7D05579}.Release|Any CPU.Build.0 = Release|Any CPU
	EndGlobalSection
	GlobalSection(SolutionProperties) = preSolution
		HideSolutionNode = FALSE
	EndGlobalSection
	GlobalSection(ExtensibilityGlobals) = postSolution
		SolutionGuid = {8DF66A08-3060-4FB9-B772-B7207458A9F4}
	EndGlobalSection
EndGlobal
